# THIS IS AN AUTOGENERATED FILE. DO NOT EDIT THIS FILE DIRECTLY.
# yarn lockfile v1


eventemitter2@6.4.9:
  version "6.4.9"
  resolved "https://registry.yarnpkg.com/eventemitter2/-/eventemitter2-6.4.9.tgz#41f2750781b4230ed58827bc119d293471ecb125"
  integrity sha512-JEPTiaOt9f04oa6NOkc4aH+nVp5I3wEjpHbIPqfgCdD5v5bUzy7xQqwcVO2aDQgOWhI28da57HksMrzK9HlRxg==
